Microsoft Visual Studio Solution File, Format Version 12.00
# Visual Studio Version 17
VisualStudioVersion = 17.5.2.0
MinimumVisualStudioVersion = 10.0.40219.1
Project("{FAE04EC0-301F-11D3-BF4B-00C04F79EFBC}") = "PlantlyAI", "PlantlyAI.csproj", "{F7A3E999-F495-D291-1D4D-7CF0C1D04C67}"
EndProject
Global
	GlobalSection(SolutionConfigurationPlatforms) = preSolution
		Debug|Any CPU = Debug|Any CPU
		Release|Any CPU = Release|Any CPU
	EndGlobalSection
	GlobalSection(ProjectConfigurationPlatforms) = postSolution
		{F7A3E999-F495-D291-1D4D-7CF0C1D04C67}.Debug|Any CPU.ActiveCfg = Debug|Any CPU
		{F7A3E999-F495-D291-1D4D-7CF0C1D04C67}.Debug|Any CPU.Build.0 = Debug|Any CPU
		{F7A3E999-F495-D291-1D4D-7CF0C1D04C67}.Release|Any CPU.ActiveCfg = Release|Any CPU
		{F7A3E999-F495-D291-1D4D-7CF0C1D04C67}.Release|Any CPU.Build.0 = Release|Any CPU
	EndGlobalSection
	GlobalSection(SolutionProperties) = preSolution
		HideSolutionNode = FALSE
	EndGlobalSection
	GlobalSection(ExtensibilityGlobals) = postSolution
		SolutionGuid = {03F127FB-A897-4E64-8D2E-B7DAA08034F3}
	EndGlobalSection
EndGlobal
