// !$*UTF8*$!
{
	archiveVersion = 1;
	classes = {
	};
	objectVersion = 77;
	objects = {

/* Begin PBXBuildFile section */
		7A4B100A2BD80C1B00A0F001 /* LiquidTasksApp.swift in Sources */ = {isa = PBXBuildFile; fileRef = 7A4B10092BD80C1B00A0F001 /* LiquidTasksApp.swift */; };
		7A4B100C2BD80C1B00A0F001 /* TaskItem.swift in Sources */ = {isa = PBXBuildFile; fileRef = 7A4B100B2BD80C1B00A0F001 /* TaskItem.swift */; };
		7A4B100E2BD80C1B00A0F001 /* TaskStore.swift in Sources */ = {isa = PBXBuildFile; fileRef = 7A4B100D2BD80C1B00A0F001 /* TaskStore.swift */; };
		7A4B10102BD80C1B00A0F001 /* ContentView.swift in Sources */ = {isa = PBXBuildFile; fileRef = 7A4B100F2BD80C1B00A0F001 /* ContentView.swift */; };
		7A4B10122BD80C1B00A0F001 /* WelcomeView.swift in Sources */ = {isa = PBXBuildFile; fileRef = 7A4B10112BD80C1B00A0F001 /* WelcomeView.swift */; };
		7A4B10142BD80C1B00A0F001 /* TaskListView.swift in Sources */ = {isa = PBXBuildFile; fileRef = 7A4B10132BD80C1B00A0F001 /* TaskListView.swift */; };
		7A4B10162BD80C1B00A0F001 /* TaskEditorSheet.swift in Sources */ = {isa = PBXBuildFile; fileRef = 7A4B10152BD80C1B00A0F001 /* TaskEditorSheet.swift */; };
		7A4B10182BD80C1B00A0F001 /* LiquidBackground.swift in Sources */ = {isa = PBXBuildFile; fileRef = 7A4B10172BD80C1B00A0F001 /* LiquidBackground.swift */; };
		7A4B101A2BD80C1B00A0F001 /* GlassCard.swift in Sources */ = {isa = PBXBuildFile; fileRef = 7A4B10192BD80C1B00A0F001 /* GlassCard.swift */; };
		7A4B10302BD80C1B00A0F001 /* Assets.xcassets in Resources */ = {isa = PBXBuildFile; fileRef = 7A4B102F2BD80C1B00A0F001 /* Assets.xcassets */; };
		7A4B10322BD80C1B00A0F001 /* PrivacyInfo.xcprivacy in Resources */ = {isa = PBXBuildFile; fileRef = 7A4B10312BD80C1B00A0F001 /* PrivacyInfo.xcprivacy */; };
/* End PBXBuildFile section */

/* Begin PBXFileReference section */
		7A4B10062BD80C1B00A0F001 /* Liquid Tasks.app */ = {isa = PBXFileReference; explicitFileType = wrapper.application; includeInIndex = 0; path = "Liquid Tasks.app"; sourceTree = BUILT_PRODUCTS_DIR; };
		7A4B10092BD80C1B00A0F001 /* LiquidTasksApp.swift */ = {isa = PBXFileReference; lastKnownFileType = sourcecode.swift; path = LiquidTasksApp.swift; sourceTree = "<group>"; };
		7A4B100B2BD80C1B00A0F001 /* TaskItem.swift */ = {isa = PBXFileReference; lastKnownFileType = sourcecode.swift; path = TaskItem.swift; sourceTree = "<group>"; };
		7A4B100D2BD80C1B00A0F001 /* TaskStore.swift */ = {isa = PBXFileReference; lastKnownFileType = sourcecode.swift; path = TaskStore.swift; sourceTree = "<group>"; };
		7A4B100F2BD80C1B00A0F001 /* ContentView.swift */ = {isa = PBXFileReference; lastKnownFileType = sourcecode.swift; path = ContentView.swift; sourceTree = "<group>"; };
		7A4B10112BD80C1B00A0F001 /* WelcomeView.swift */ = {isa = PBXFileReference; lastKnownFileType = sourcecode.swift; path = WelcomeView.swift; sourceTree = "<group>"; };
		7A4B10132BD80C1B00A0F001 /* TaskListView.swift */ = {isa = PBXFileReference; lastKnownFileType = sourcecode.swift; path = TaskListView.swift; sourceTree = "<group>"; };
		7A4B10152BD80C1B00A0F001 /* TaskEditorSheet.swift */ = {isa = PBXFileReference; lastKnownFileType = sourcecode.swift; path = TaskEditorSheet.swift; sourceTree = "<group>"; };
		7A4B10172BD80C1B00A0F001 /* LiquidBackground.swift */ = {isa = PBXFileReference; lastKnownFileType = sourcecode.swift; path = LiquidBackground.swift; sourceTree = "<group>"; };
		7A4B10192BD80C1B00A0F001 /* GlassCard.swift */ = {isa = PBXFileReference; lastKnownFileType = sourcecode.swift; path = GlassCard.swift; sourceTree = "<group>"; };
		7A4B102F2BD80C1B00A0F001 /* Assets.xcassets */ = {isa = PBXFileReference; lastKnownFileType = folder.assetcatalog; path = Assets.xcassets; sourceTree = "<group>"; };
		7A4B10312BD80C1B00A0F001 /* PrivacyInfo.xcprivacy */ = {isa = PBXFileReference; lastKnownFileType = text.xml; path = PrivacyInfo.xcprivacy; sourceTree = "<group>"; };
/* End PBXFileReference section */

/* Begin PBXFileSystemSynchronizedRootGroup section */
/* End PBXFileSystemSynchronizedRootGroup section */

/* Begin PBXFrameworksBuildPhase section */
		7A4B10032BD80C1B00A0F001 /* Frameworks */ = {
			isa = PBXFrameworksBuildPhase;
			buildActionMask = 2147483647;
			files = (
			);
			runOnlyForDeploymentPostprocessing = 0;
		};
/* End PBXFrameworksBuildPhase section */

/* Begin PBXGroup section */
		7A4B0FFE2BD80C1B00A0F001 = {
			isa = PBXGroup;
			children = (
				7A4B10082BD80C1B00A0F001 /* LiquidTasks */,
				7A4B10072BD80C1B00A0F001 /* Products */,
			);
			sourceTree = "<group>";
		};
		7A4B10072BD80C1B00A0F001 /* Products */ = {
			isa = PBXGroup;
			children = (
				7A4B10062BD80C1B00A0F001 /* Liquid Tasks.app */,
			);
			name = Products;
			sourceTree = "<group>";
		};
		7A4B10082BD80C1B00A0F001 /* LiquidTasks */ = {
			isa = PBXGroup;
			children = (
				7A4B10092BD80C1B00A0F001 /* LiquidTasksApp.swift */,
				7A4B102F2BD80C1B00A0F001 /* Assets.xcassets */,
				7A4B10312BD80C1B00A0F001 /* PrivacyInfo.xcprivacy */,
				7A4B101B2BD80C1B00A0F001 /* Models */,
				7A4B101C2BD80C1B00A0F001 /* Storage */,
				7A4B101D2BD80C1B00A0F001 /* Views */,
				7A4B101E2BD80C1B00A0F001 /* Components */,
			);
			path = LiquidTasks;
			sourceTree = "<group>";
		};
		7A4B101B2BD80C1B00A0F001 /* Models */ = {
			isa = PBXGroup;
			children = (
				7A4B100B2BD80C1B00A0F001 /* TaskItem.swift */,
			);
			path = Models;
			sourceTree = "<group>";
		};
		7A4B101C2BD80C1B00A0F001 /* Storage */ = {
			isa = PBXGroup;
			children = (
				7A4B100D2BD80C1B00A0F001 /* TaskStore.swift */,
			);
			path = Storage;
			sourceTree = "<group>";
		};
		7A4B101D2BD80C1B00A0F001 /* Views */ = {
			isa = PBXGroup;
			children = (
				7A4B100F2BD80C1B00A0F001 /* ContentView.swift */,
				7A4B10112BD80C1B00A0F001 /* WelcomeView.swift */,
				7A4B10132BD80C1B00A0F001 /* TaskListView.swift */,
				7A4B10152BD80C1B00A0F001 /* TaskEditorSheet.swift */,
			);
			path = Views;
			sourceTree = "<group>";
		};
		7A4B101E2BD80C1B00A0F001 /* Components */ = {
			isa = PBXGroup;
			children = (
				7A4B10172BD80C1B00A0F001 /* LiquidBackground.swift */,
				7A4B10192BD80C1B00A0F001 /* GlassCard.swift */,
			);
			path = Components;
			sourceTree = "<group>";
		};
/* End PBXGroup section */

/* Begin PBXNativeTarget section */
		7A4B10052BD80C1B00A0F001 /* Liquid Tasks */ = {
			isa = PBXNativeTarget;
			buildConfigurationList = 7A4B10222BD80C1B00A0F001 /* Build configuration list for PBXNativeTarget "Liquid Tasks" */;
			buildPhases = (
				7A4B10022BD80C1B00A0F001 /* Sources */,
				7A4B10032BD80C1B00A0F001 /* Frameworks */,
				7A4B10042BD80C1B00A0F001 /* Resources */,
			);
			buildRules = (
			);
			dependencies = (
			);
			name = "Liquid Tasks";
			productName = "Liquid Tasks";
			productReference = 7A4B10062BD80C1B00A0F001 /* Liquid Tasks.app */;
			productType = "com.apple.product-type.application";
		};
/* End PBXNativeTarget section */

/* Begin PBXProject section */
		7A4B0FFF2BD80C1B00A0F001 /* Project object */ = {
			isa = PBXProject;
			attributes = {
				BuildIndependentTargetsInParallel = 1;
				LastSwiftUpdateCheck = 1600;
				LastUpgradeCheck = 1600;
				TargetAttributes = {
					7A4B10052BD80C1B00A0F001 = {
						CreatedOnToolsVersion = 16.0;
					};
				};
			};
			buildConfigurationList = 7A4B10012BD80C1B00A0F001 /* Build configuration list for PBXProject "LiquidTasks" */;
			compatibilityVersion = "Xcode 16.0";
			developmentRegion = en;
			hasScannedForEncodings = 0;
			knownRegions = (
				en,
				Base,
			);
			mainGroup = 7A4B0FFE2BD80C1B00A0F001;
			minimizedProjectReferenceProxies = 1;
			preferredProjectObjectVersion = 77;
			productRefGroup = 7A4B10072BD80C1B00A0F001 /* Products */;
			projectDirPath = "";
			projectRoot = "";
			targets = (
				7A4B10052BD80C1B00A0F001 /* Liquid Tasks */,
			);
		};
/* End PBXProject section */

/* Begin PBXResourcesBuildPhase section */
		7A4B10042BD80C1B00A0F001 /* Resources */ = {
			isa = PBXResourcesBuildPhase;
			buildActionMask = 2147483647;
			files = (
				7A4B10302BD80C1B00A0F001 /* Assets.xcassets in Resources */,
				7A4B10322BD80C1B00A0F001 /* PrivacyInfo.xcprivacy in Resources */,
			);
			runOnlyForDeploymentPostprocessing = 0;
		};
/* End PBXResourcesBuildPhase section */

/* Begin PBXSourcesBuildPhase section */
		7A4B10022BD80C1B00A0F001 /* Sources */ = {
			isa = PBXSourcesBuildPhase;
			buildActionMask = 2147483647;
			files = (
				7A4B100A2BD80C1B00A0F001 /* LiquidTasksApp.swift in Sources */,
				7A4B100C2BD80C1B00A0F001 /* TaskItem.swift in Sources */,
				7A4B100E2BD80C1B00A0F001 /* TaskStore.swift in Sources */,
				7A4B10102BD80C1B00A0F001 /* ContentView.swift in Sources */,
				7A4B10122BD80C1B00A0F001 /* WelcomeView.swift in Sources */,
				7A4B10142BD80C1B00A0F001 /* TaskListView.swift in Sources */,
				7A4B10162BD80C1B00A0F001 /* TaskEditorSheet.swift in Sources */,
				7A4B10182BD80C1B00A0F001 /* LiquidBackground.swift in Sources */,
				7A4B101A2BD80C1B00A0F001 /* GlassCard.swift in Sources */,
			);
			runOnlyForDeploymentPostprocessing = 0;
		};
/* End PBXSourcesBuildPhase section */

/* Begin XCBuildConfiguration section */
		7A4B101F2BD80C1B00A0F001 /* Debug */ = {
			isa = XCBuildConfiguration;
			buildSettings = {
				ALWAYS_SEARCH_USER_PATHS = NO;
				ASSETCATALOG_COMPILER_GENERATE_SWIFT_ASSET_SYMBOL_EXTENSIONS = YES;
				CLANG_ANALYZER_NONNULL = YES;
				CLANG_ANALYZER_NUMBER_OBJECT_CONVERSION = YES_AGGRESSIVE;
				CLANG_CXX_LANGUAGE_STANDARD = "gnu++20";
				CLANG_ENABLE_MODULES = YES;
				CLANG_ENABLE_OBJC_ARC = YES;
				CLANG_ENABLE_OBJC_WEAK = YES;
				CLANG_WARN_BLOCK_CAPTURE_AUTORELEASING = YES;
				CLANG_WARN_BOOL_CONVERSION = YES;
				CLANG_WARN_COMMA = YES;
				CLANG_WARN_CONSTANT_CONVERSION = YES;
				CLANG_WARN_DEPRECATED_OBJC_IMPLEMENTATIONS = YES;
				CLANG_WARN_DIRECT_OBJC_ISA_USAGE = YES_ERROR;
				CLANG_WARN_DOCUMENTATION_COMMENTS = YES;
				CLANG_WARN_EMPTY_BODY = YES;
				CLANG_WARN_ENUM_CONVERSION = YES;
				CLANG_WARN_INFINITE_RECURSION = YES;
				CLANG_WARN_INT_CONVERSION = YES;
				CLANG_WARN_NON_LITERAL_NULL_CONVERSION = YES;
				CLANG_WARN_OBJC_IMPLICIT_RETAIN_SELF = YES;
				CLANG_WARN_OBJC_LITERAL_CONVERSION = YES;
				CLANG_WARN_OBJC_ROOT_CLASS = YES_ERROR;
				CLANG_WARN_QUOTED_INCLUDE_IN_FRAMEWORK_HEADER = YES;
				CLANG_WARN_RANGE_LOOP_ANALYSIS = YES;
				CLANG_WARN_STRICT_PROTOTYPES = YES;
				CLANG_WARN_SUSPICIOUS_MOVE = YES;
				CLANG_WARN_UNGUARDED_AVAILABILITY = YES_AGGRESSIVE;
				CLANG_WARN_UNREACHABLE_CODE = YES;
				CLANG_WARN__DUPLICATE_METHOD_MATCH = YES;
				COPY_PHASE_STRIP = NO;
				DEBUG_INFORMATION_FORMAT = dwarf;
				ENABLE_STRICT_OBJC_MSGSEND = YES;
				ENABLE_TESTABILITY = YES;
				ENABLE_USER_SCRIPT_SANDBOXING = YES;
				GCC_C_LANGUAGE_STANDARD = gnu17;
				GCC_DYNAMIC_NO_PIC = NO;
				GCC_NO_COMMON_BLOCKS = YES;
				GCC_OPTIMIZATION_LEVEL = 0;
				GCC_PREPROCESSOR_DEFINITIONS = (
					"DEBUG=1",
					"$(inherited)",
				);
				GCC_WARN_64_TO_32_BIT_CONVERSION = YES;
				GCC_WARN_ABOUT_RETURN_TYPE = YES_ERROR;
				GCC_WARN_UNDECLARED_SELECTOR = YES;
				GCC_WARN_UNINITIALIZED_AUTOS = YES_AGGRESSIVE;
				GCC_WARN_UNUSED_FUNCTION = YES;
				GCC_WARN_UNUSED_VARIABLE = YES;
				IPHONEOS_DEPLOYMENT_TARGET = 18.0;
				LOCALIZATION_PREFERS_STRING_CATALOGS = YES;
				MTL_ENABLE_DEBUG_INFO = INCLUDE_SOURCE;
				MTL_FAST_MATH = YES;
				ONLY_ACTIVE_ARCH = YES;
				SDKROOT = iphoneos;
				SWIFT_ACTIVE_COMPILATION_CONDITIONS = "DEBUG $(inherited)";
				SWIFT_EMIT_LOC_STRINGS = YES;
				SWIFT_OPTIMIZATION_LEVEL = "-Onone";
			};
			name = Debug;
		};
		7A4B10202BD80C1B00A0F001 /* Release */ = {
			isa = XCBuildConfiguration;
			buildSettings = {
				ALWAYS_SEARCH_USER_PATHS = NO;
				ASSETCATALOG_COMPILER_GENERATE_SWIFT_ASSET_SYMBOL_EXTENSIONS = YES;
				CLANG_ANALYZER_NONNULL = YES;
				CLANG_ANALYZER_NUMBER_OBJECT_CONVERSION = YES_AGGRESSIVE;
				CLANG_CXX_LANGUAGE_STANDARD = "gnu++20";
				CLANG_ENABLE_MODULES = YES;
				CLANG_ENABLE_OBJC_ARC = YES;
				CLANG_ENABLE_OBJC_WEAK = YES;
				CLANG_WARN_BLOCK_CAPTURE_AUTORELEASING = YES;
				CLANG_WARN_BOOL_CONVERSION = YES;
				CLANG_WARN_COMMA = YES;
				CLANG_WARN_CONSTANT_CONVERSION = YES;
				CLANG_WARN_DEPRECATED_OBJC_IMPLEMENTATIONS = YES;
				CLANG_WARN_DIRECT_OBJC_ISA_USAGE = YES_ERROR;
				CLANG_WARN_DOCUMENTATION_COMMENTS = YES;
				CLANG_WARN_EMPTY_BODY = YES;
				CLANG_WARN_ENUM_CONVERSION = YES;
				CLANG_WARN_INFINITE_RECURSION = YES;
				CLANG_WARN_INT_CONVERSION = YES;
				CLANG_WARN_NON_LITERAL_NULL_CONVERSION = YES;
				CLANG_WARN_OBJC_IMPLICIT_RETAIN_SELF = YES;
				CLANG_WARN_OBJC_LITERAL_CONVERSION = YES;
				CLANG_WARN_OBJC_ROOT_CLASS = YES_ERROR;
				CLANG_WARN_QUOTED_INCLUDE_IN_FRAMEWORK_HEADER = YES;
				CLANG_WARN_RANGE_LOOP_ANALYSIS = YES;
				CLANG_WARN_STRICT_PROTOTYPES = YES;
				CLANG_WARN_SUSPICIOUS_MOVE = YES;
				CLANG_WARN_UNGUARDED_AVAILABILITY = YES_AGGRESSIVE;
				CLANG_WARN_UNREACHABLE_CODE = YES;
				CLANG_WARN__DUPLICATE_METHOD_MATCH = YES;
				COPY_PHASE_STRIP = NO;
				DEBUG_INFORMATION_FORMAT = "dwarf-with-dsym";
				ENABLE_NS_ASSERTIONS = NO;
				ENABLE_STRICT_OBJC_MSGSEND = YES;
				ENABLE_USER_SCRIPT_SANDBOXING = YES;
				GCC_C_LANGUAGE_STANDARD = gnu17;
				GCC_NO_COMMON_BLOCKS = YES;
				GCC_WARN_64_TO_32_BIT_CONVERSION = YES;
				GCC_WARN_ABOUT_RETURN_TYPE = YES_ERROR;
				GCC_WARN_UNDECLARED_SELECTOR = YES;
				GCC_WARN_UNINITIALIZED_AUTOS = YES_AGGRESSIVE;
				GCC_WARN_UNUSED_FUNCTION = YES;
				GCC_WARN_UNUSED_VARIABLE = YES;
				IPHONEOS_DEPLOYMENT_TARGET = 18.0;
				LOCALIZATION_PREFERS_STRING_CATALOGS = YES;
				MTL_ENABLE_DEBUG_INFO = NO;
				MTL_FAST_MATH = YES;
				SDKROOT = iphoneos;
				SWIFT_COMPILATION_MODE = wholemodule;
				SWIFT_EMIT_LOC_STRINGS = YES;
				VALIDATE_PRODUCT = YES;
			};
			name = Release;
		};
		7A4B10232BD80C1B00A0F001 /* Debug */ = {
			isa = XCBuildConfiguration;
			buildSettings = {
				ASSETCATALOG_COMPILER_APPICON_NAME = AppIcon;
				ASSETCATALOG_COMPILER_GLOBAL_ACCENT_COLOR_NAME = AccentColor;
				CODE_SIGN_STYLE = Automatic;
				CURRENT_PROJECT_VERSION = 1;
				DEVELOPMENT_ASSET_PATHS = "";
				DEVELOPMENT_TEAM = "";
				ENABLE_PREVIEWS = YES;
				GENERATE_INFOPLIST_FILE = YES;
				INFOPLIST_KEY_CFBundleDisplayName = "Liquid Tasks";
				INFOPLIST_KEY_ITSAppUsesNonExemptEncryption = NO;
				INFOPLIST_KEY_LSApplicationCategoryType = "public.app-category.productivity";
				INFOPLIST_KEY_UIApplicationSceneManifest_Generation = YES;
				INFOPLIST_KEY_UIApplicationSupportsIndirectInputEvents = YES;
				INFOPLIST_KEY_UILaunchScreen_Generation = YES;
				INFOPLIST_KEY_UIStatusBarStyle = UIStatusBarStyleDefault;
				INFOPLIST_KEY_UISupportedInterfaceOrientations_iPad = "UIInterfaceOrientationPortrait UIInterfaceOrientationPortraitUpsideDown UIInterfaceOrientationLandscapeLeft UIInterfaceOrientationLandscapeRight";
				INFOPLIST_KEY_UISupportedInterfaceOrientations_iPhone = "UIInterfaceOrientationPortrait";
				IPHONEOS_DEPLOYMENT_TARGET = 18.0;
				LD_RUNPATH_SEARCH_PATHS = (
					"$(inherited)",
					"@executable_path/Frameworks",
				);
				MARKETING_VERSION = 1.0;
				PRODUCT_BUNDLE_IDENTIFIER = com.vpanevv.LiquidTasks;
				PRODUCT_NAME = "$(TARGET_NAME)";
				SWIFT_VERSION = 6.0;
				TARGETED_DEVICE_FAMILY = "1,2";
			};
			name = Debug;
		};
		7A4B10242BD80C1B00A0F001 /* Release */ = {
			isa = XCBuildConfiguration;
			buildSettings = {
				ASSETCATALOG_COMPILER_APPICON_NAME = AppIcon;
				ASSETCATALOG_COMPILER_GLOBAL_ACCENT_COLOR_NAME = AccentColor;
				CODE_SIGN_STYLE = Automatic;
				CURRENT_PROJECT_VERSION = 1;
				DEVELOPMENT_ASSET_PATHS = "";
				DEVELOPMENT_TEAM = "";
				ENABLE_PREVIEWS = YES;
				GENERATE_INFOPLIST_FILE = YES;
				INFOPLIST_KEY_CFBundleDisplayName = "Liquid Tasks";
				INFOPLIST_KEY_ITSAppUsesNonExemptEncryption = NO;
				INFOPLIST_KEY_LSApplicationCategoryType = "public.app-category.productivity";
				INFOPLIST_KEY_UIApplicationSceneManifest_Generation = YES;
				INFOPLIST_KEY_UIApplicationSupportsIndirectInputEvents = YES;
				INFOPLIST_KEY_UILaunchScreen_Generation = YES;
				INFOPLIST_KEY_UIStatusBarStyle = UIStatusBarStyleDefault;
				INFOPLIST_KEY_UISupportedInterfaceOrientations_iPad = "UIInterfaceOrientationPortrait UIInterfaceOrientationPortraitUpsideDown UIInterfaceOrientationLandscapeLeft UIInterfaceOrientationLandscapeRight";
				INFOPLIST_KEY_UISupportedInterfaceOrientations_iPhone = "UIInterfaceOrientationPortrait";
				IPHONEOS_DEPLOYMENT_TARGET = 18.0;
				LD_RUNPATH_SEARCH_PATHS = (
					"$(inherited)",
					"@executable_path/Frameworks",
				);
				MARKETING_VERSION = 1.0;
				PRODUCT_BUNDLE_IDENTIFIER = com.vpanevv.LiquidTasks;
				PRODUCT_NAME = "$(TARGET_NAME)";
				SWIFT_VERSION = 6.0;
				TARGETED_DEVICE_FAMILY = "1,2";
			};
			name = Release;
		};
/* End XCBuildConfiguration section */

/* Begin XCConfigurationList section */
		7A4B10012BD80C1B00A0F001 /* Build configuration list for PBXProject "LiquidTasks" */ = {
			isa = XCConfigurationList;
			buildConfigurations = (
				7A4B101F2BD80C1B00A0F001 /* Debug */,
				7A4B10202BD80C1B00A0F001 /* Release */,
			);
			defaultConfigurationIsVisible = 0;
			defaultConfigurationName = Release;
		};
		7A4B10222BD80C1B00A0F001 /* Build configuration list for PBXNativeTarget "Liquid Tasks" */ = {
			isa = XCConfigurationList;
			buildConfigurations = (
				7A4B10232BD80C1B00A0F001 /* Debug */,
				7A4B10242BD80C1B00A0F001 /* Release */,
			);
			defaultConfigurationIsVisible = 0;
			defaultConfigurationName = Release;
		};
/* End XCConfigurationList section */
	};
	rootObject = 7A4B0FFF2BD80C1B00A0F001 /* Project object */;
}
